{
  "name": "@typescript-package/wrapped-descriptor",
  "version": "0.1.0",
  "lockfileVersion": 3,
  "requires": true,
  "packages": {
    "": {
      "name": "@typescript-package/wrapped-descriptor",
      "version": "0.1.0",
      "funding": [
        {
          "type": "stripe",
          "url": "https://donate.stripe.com/dR614hfDZcJE3wAcMM"
        },
        {
          "type": "revolut",
          "url": "https://checkout.revolut.com/pay/048b10a3-0e10-42c8-a917-e3e9cb4c8e29"
        }
      ],
      "license": "MIT",
      "peerDependencies": {
        "@typescript-package/descriptor": "^1.1.0"
      }
    },
    "node_modules/@typedly/callback": {
      "version": "1.0.0",
      "resolved": "https://registry.npmjs.org/@typedly/callback/-/callback-1.0.0.tgz",
      "integrity": "sha512-eKHSBIVb9QDbXOlW10gMeQrgxyTf0bEk0GpITIk9ph0McwfbW2hXJqf4DJwq7sWP0fh/z66rrT95i8EAGODGtw==",
      "funding": [
        {
          "type": "stripe",
          "url": "https://donate.stripe.com/dR614hfDZcJE3wAcMM"
        },
        {
          "type": "revolut",
          "url": "https://checkout.revolut.com/pay/048b10a3-0e10-42c8-a917-e3e9cb4c8e29"
        }
      ],
      "license": "MIT",
      "peer": true
    },
    "node_modules/@typedly/descriptor": {
      "version": "10.1.1",
      "resolved": "https://registry.npmjs.org/@typedly/descriptor/-/descriptor-10.1.1.tgz",
      "integrity": "sha512-xoc5m6ixW26znk9TVLMKKrO3PSv0C955AbTXpOztzpLjVhPP+phFcR2cjaVftOotQ8Rg8x7Y3wcTg2SRBA1r0w==",
      "funding": [
        {
          "type": "stripe",
          "url": "https://donate.stripe.com/dR614hfDZcJE3wAcMM"
        },
        {
          "type": "revolut",
          "url": "https://checkout.revolut.com/pay/048b10a3-0e10-42c8-a917-e3e9cb4c8e29"
        }
      ],
      "license": "MIT",
      "peer": true,
      "peerDependencies": {
        "@typedly/callback": "^1.0.0"
      }
    },
    "node_modules/@typescript-package/descriptor": {
      "version": "1.1.0",
      "resolved": "https://registry.npmjs.org/@typescript-package/descriptor/-/descriptor-1.1.0.tgz",
      "integrity": "sha512-OpqTeD3oQSt868D2FB2U/eU7TcZC+ZPLKRnZIMWxDutk1v7DYM2TgWNTcn00s4A6qAju2p+dtBM18QuNjC0kSw==",
      "funding": [
        {
          "type": "stripe",
          "url": "https://donate.stripe.com/dR614hfDZcJE3wAcMM"
        },
        {
          "type": "revolut",
          "url": "https://checkout.revolut.com/pay/048b10a3-0e10-42c8-a917-e3e9cb4c8e29"
        }
      ],
      "license": "MIT",
      "peer": true,
      "peerDependencies": {
        "@typedly/callback": "^1.0.0",
        "@typedly/descriptor": "^10.1.1"
      }
    }
  }
}
